
Microsoft Visual Studio Solution File, Format Version 12.00
# Visual Studio Version 16
VisualStudioVersion = 16.0.31005.135
MinimumVisualStudioVersion = 10.0.40219.1
Project("{FAE04EC0-301F-11D3-BF4B-00C04F79EFBC}") = "Evaluacion2", "Evaluacion2.csproj", "{F06963D4-1B48-4090-9E72-D8AC7EB29542}"
EndProject
Global
	GlobalSection(SolutionConfigurationPlatforms) = preSolution
		Debug|Any CPU = Debug|Any CPU
		Release|Any CPU = Release|Any CPU
	EndGlobalSection
	GlobalSection(ProjectConfigurationPlatforms) = postSolution
		{F06963D4-1B48-4090-9E72-D8AC7EB29542}.Debug|Any CPU.ActiveCfg = Debug|Any CPU
		{F06963D4-1B48-4090-9E72-D8AC7EB29542}.Debug|Any CPU.Build.0 = Debug|Any CPU
		{F06963D4-1B48-4090-9E72-D8AC7EB29542}.Release|Any CPU.ActiveCfg = Release|Any CPU
		{F06963D4-1B48-4090-9E72-D8AC7EB29542}.Release|Any CPU.Build.0 = Release|Any CPU
	EndGlobalSection
	GlobalSection(SolutionProperties) = preSolution
		HideSolutionNode = FALSE
	EndGlobalSection
	GlobalSection(ExtensibilityGlobals) = postSolution
		SolutionGuid = {7F9A4ED0-5B26-45B1-96FB-270A3B63E446}
	EndGlobalSection
EndGlobal
